
Microsoft Visual Studio Solution File, Format Version 12.00
# Visual Studio 14
VisualStudioVersion = 14.0.24720.0
MinimumVisualStudioVersion = 10.0.40219.1
Project("{2150E333-8FDC-42A3-9474-1A3956D46DE8}") = "Clients", "Clients", "{772129E5-5577-44E8-80AB-25652472FFBA}"
EndProject
Project("{2150E333-8FDC-42A3-9474-1A3956D46DE8}") = "Services", "Services", "{8FF82EB2-823B-4B4E-8FB8-426DF874C3E7}"
EndProject
Project("{FAE04EC0-301F-11D3-BF4B-00C04F79EFBC}") = "CL.Javelin.Notification.Service", "CL.Javelin.Notification.Service\CL.Javelin.Notification.Service.csproj", "{16FFB160-3CA5-449A-B7A1-0BFA7D6F7D23}"
EndProject
Project("{FAE04EC0-301F-11D3-BF4B-00C04F79EFBC}") = "CL.Javelin.Sales.Service", "CL.Javelin.Sales.Service\CL.Javelin.Sales.Service.csproj", "{078AB40E-9E9E-4AF2-B65C-A34513A1E082}"
EndProject
Project("{FAE04EC0-301F-11D3-BF4B-00C04F79EFBC}") = "CL.Javelin.Fulfillment.Service", "CL.Javelin.Fulfillment.Service\CL.Javelin.Fulfillment.Service.csproj", "{ACA9A5B8-11E9-42D2-884B-9981B7E19E72}"
EndProject
Project("{FAE04EC0-301F-11D3-BF4B-00C04F79EFBC}") = "CL.Javelin.Store.Service", "CL.Javelin.Store.Service\CL.Javelin.Store.Service.csproj", "{E9361B84-64BB-44B8-B29A-4E453908516B}"
EndProject
Project("{FAE04EC0-301F-11D3-BF4B-00C04F79EFBC}") = "CL.Javelin.Sales.Client", "CL.Javelin.Sales.Client\CL.Javelin.Sales.Client.csproj", "{FBF72070-4C69-4EF2-A4B1-B6900237BD31}"
EndProject
Project("{FAE04EC0-301F-11D3-BF4B-00C04F79EFBC}") = "CL.Javelin.Fulfillment.Client", "CL.Javelin.Fulfillment.Client\CL.Javelin.Fulfillment.Client.csproj", "{DFE3455C-C40B-4183-888D-03CA418C9237}"
EndProject
Project("{FAE04EC0-301F-11D3-BF4B-00C04F79EFBC}") = "CL.Javelin.Core.Domain", "CL.Javelin.Core.Domain\CL.Javelin.Core.Domain.csproj", "{46F53D0D-6DF6-4A6B-8F68-B97841725CCD}"
EndProject
Project("{FAE04EC0-301F-11D3-BF4B-00C04F79EFBC}") = "CL.Javelin.Core.Utilities", "CL.Javelin.Core.Utilities\CL.Javelin.Core.Utilities.csproj", "{9A1CF498-45E6-4AC0-96A4-F0B41B425A5D}"
EndProject
Project("{FAE04EC0-301F-11D3-BF4B-00C04F79EFBC}") = "CL.Javelin.Clients.Shared", "CL.Javelin.Clients.Shared\CL.Javelin.Clients.Shared.csproj", "{395020CD-E7E0-44C5-8906-407D7A5B4B99}"
EndProject
Global
	GlobalSection(SolutionConfigurationPlatforms) = preSolution
		Debug|Any CPU = Debug|Any CPU
		Debug|ARM = Debug|ARM
		Debug|x64 = Debug|x64
		Debug|x86 = Debug|x86
		Release|Any CPU = Release|Any CPU
		Release|ARM = Release|ARM
		Release|x64 = Release|x64
		Release|x86 = Release|x86
	EndGlobalSection
	GlobalSection(ProjectConfigurationPlatforms) = postSolution
		{16FFB160-3CA5-449A-B7A1-0BFA7D6F7D23}.Debug|Any CPU.ActiveCfg = Debug|Any CPU
		{16FFB160-3CA5-449A-B7A1-0BFA7D6F7D23}.Debug|Any CPU.Build.0 = Debug|Any CPU
		{16FFB160-3CA5-449A-B7A1-0BFA7D6F7D23}.Debug|ARM.ActiveCfg = Debug|Any CPU
		{16FFB160-3CA5-449A-B7A1-0BFA7D6F7D23}.Debug|ARM.Build.0 = Debug|Any CPU
		{16FFB160-3CA5-449A-B7A1-0BFA7D6F7D23}.Debug|x64.ActiveCfg = Debug|Any CPU
		{16FFB160-3CA5-449A-B7A1-0BFA7D6F7D23}.Debug|x64.Build.0 = Debug|Any CPU
		{16FFB160-3CA5-449A-B7A1-0BFA7D6F7D23}.Debug|x86.ActiveCfg = Debug|Any CPU
		{16FFB160-3CA5-449A-B7A1-0BFA7D6F7D23}.Debug|x86.Build.0 = Debug|Any CPU
		{16FFB160-3CA5-449A-B7A1-0BFA7D6F7D23}.Release|Any CPU.ActiveCfg = Release|Any CPU
		{16FFB160-3CA5-449A-B7A1-0BFA7D6F7D23}.Release|Any CPU.Build.0 = Release|Any CPU
		{16FFB160-3CA5-449A-B7A1-0BFA7D6F7D23}.Release|ARM.ActiveCfg = Release|Any CPU
		{16FFB160-3CA5-449A-B7A1-0BFA7D6F7D23}.Release|ARM.Build.0 = Release|Any CPU
		{16FFB160-3CA5-449A-B7A1-0BFA7D6F7D23}.Release|x64.ActiveCfg = Release|Any CPU
		{16FFB160-3CA5-449A-B7A1-0BFA7D6F7D23}.Release|x64.Build.0 = Release|Any CPU
		{16FFB160-3CA5-449A-B7A1-0BFA7D6F7D23}.Release|x86.ActiveCfg = Release|Any CPU
		{16FFB160-3CA5-449A-B7A1-0BFA7D6F7D23}.Release|x86.Build.0 = Release|Any CPU
		{078AB40E-9E9E-4AF2-B65C-A34513A1E082}.Debug|Any CPU.ActiveCfg = Debug|Any CPU
		{078AB40E-9E9E-4AF2-B65C-A34513A1E082}.Debug|Any CPU.Build.0 = Debug|Any CPU
		{078AB40E-9E9E-4AF2-B65C-A34513A1E082}.Debug|ARM.ActiveCfg = Debug|Any CPU
		{078AB40E-9E9E-4AF2-B65C-A34513A1E082}.Debug|ARM.Build.0 = Debug|Any CPU
		{078AB40E-9E9E-4AF2-B65C-A34513A1E082}.Debug|x64.ActiveCfg = Debug|Any CPU
		{078AB40E-9E9E-4AF2-B65C-A34513A1E082}.Debug|x64.Build.0 = Debug|Any CPU
		{078AB40E-9E9E-4AF2-B65C-A34513A1E082}.Debug|x86.ActiveCfg = Debug|Any CPU
		{078AB40E-9E9E-4AF2-B65C-A34513A1E082}.Debug|x86.Build.0 = Debug|Any CPU
		{078AB40E-9E9E-4AF2-B65C-A34513A1E082}.Release|Any CPU.ActiveCfg = Release|Any CPU
		{078AB40E-9E9E-4AF2-B65C-A34513A1E082}.Release|Any CPU.Build.0 = Release|Any CPU
		{078AB40E-9E9E-4AF2-B65C-A34513A1E082}.Release|ARM.ActiveCfg = Release|Any CPU
		{078AB40E-9E9E-4AF2-B65C-A34513A1E082}.Release|ARM.Build.0 = Release|Any CPU
		{078AB40E-9E9E-4AF2-B65C-A34513A1E082}.Release|x64.ActiveCfg = Release|Any CPU
		{078AB40E-9E9E-4AF2-B65C-A34513A1E082}.Release|x64.Build.0 = Release|Any CPU
		{078AB40E-9E9E-4AF2-B65C-A34513A1E082}.Release|x86.ActiveCfg = Release|Any CPU
		{078AB40E-9E9E-4AF2-B65C-A34513A1E082}.Release|x86.Build.0 = Release|Any CPU
		{ACA9A5B8-11E9-42D2-884B-9981B7E19E72}.Debug|Any CPU.ActiveCfg = Debug|Any CPU
		{ACA9A5B8-11E9-42D2-884B-9981B7E19E72}.Debug|Any CPU.Build.0 = Debug|Any CPU
		{ACA9A5B8-11E9-42D2-884B-9981B7E19E72}.Debug|ARM.ActiveCfg = Debug|Any CPU
		{ACA9A5B8-11E9-42D2-884B-9981B7E19E72}.Debug|ARM.Build.0 = Debug|Any CPU
		{ACA9A5B8-11E9-42D2-884B-9981B7E19E72}.Debug|x64.ActiveCfg = Debug|Any CPU
		{ACA9A5B8-11E9-42D2-884B-9981B7E19E72}.Debug|x64.Build.0 = Debug|Any CPU
		{ACA9A5B8-11E9-42D2-884B-9981B7E19E72}.Debug|x86.ActiveCfg = Debug|Any CPU
		{ACA9A5B8-11E9-42D2-884B-9981B7E19E72}.Debug|x86.Build.0 = Debug|Any CPU
		{ACA9A5B8-11E9-42D2-884B-9981B7E19E72}.Release|Any CPU.ActiveCfg = Release|Any CPU
		{ACA9A5B8-11E9-42D2-884B-9981B7E19E72}.Release|Any CPU.Build.0 = Release|Any CPU
		{ACA9A5B8-11E9-42D2-884B-9981B7E19E72}.Release|ARM.ActiveCfg = Release|Any CPU
		{ACA9A5B8-11E9-42D2-884B-9981B7E19E72}.Release|ARM.Build.0 = Release|Any CPU
		{ACA9A5B8-11E9-42D2-884B-9981B7E19E72}.Release|x64.ActiveCfg = Release|Any CPU
		{ACA9A5B8-11E9-42D2-884B-9981B7E19E72}.Release|x64.Build.0 = Release|Any CPU
		{ACA9A5B8-11E9-42D2-884B-9981B7E19E72}.Release|x86.ActiveCfg = Release|Any CPU
		{ACA9A5B8-11E9-42D2-884B-9981B7E19E72}.Release|x86.Build.0 = Release|Any CPU
		{E9361B84-64BB-44B8-B29A-4E453908516B}.Debug|Any CPU.ActiveCfg = Debug|Any CPU
		{E9361B84-64BB-44B8-B29A-4E453908516B}.Debug|Any CPU.Build.0 = Debug|Any CPU
		{E9361B84-64BB-44B8-B29A-4E453908516B}.Debug|ARM.ActiveCfg = Debug|Any CPU
		{E9361B84-64BB-44B8-B29A-4E453908516B}.Debug|ARM.Build.0 = Debug|Any CPU
		{E9361B84-64BB-44B8-B29A-4E453908516B}.Debug|x64.ActiveCfg = Debug|Any CPU
		{E9361B84-64BB-44B8-B29A-4E453908516B}.Debug|x64.Build.0 = Debug|Any CPU
		{E9361B84-64BB-44B8-B29A-4E453908516B}.Debug|x86.ActiveCfg = Debug|Any CPU
		{E9361B84-64BB-44B8-B29A-4E453908516B}.Debug|x86.Build.0 = Debug|Any CPU
		{E9361B84-64BB-44B8-B29A-4E453908516B}.Release|Any CPU.ActiveCfg = Release|Any CPU
		{E9361B84-64BB-44B8-B29A-4E453908516B}.Release|Any CPU.Build.0 = Release|Any CPU
		{E9361B84-64BB-44B8-B29A-4E453908516B}.Release|ARM.ActiveCfg = Release|Any CPU
		{E9361B84-64BB-44B8-B29A-4E453908516B}.Release|ARM.Build.0 = Release|Any CPU
		{E9361B84-64BB-44B8-B29A-4E453908516B}.Release|x64.ActiveCfg = Release|Any CPU
		{E9361B84-64BB-44B8-B29A-4E453908516B}.Release|x64.Build.0 = Release|Any CPU
		{E9361B84-64BB-44B8-B29A-4E453908516B}.Release|x86.ActiveCfg = Release|Any CPU
		{E9361B84-64BB-44B8-B29A-4E453908516B}.Release|x86.Build.0 = Release|Any CPU
		{FBF72070-4C69-4EF2-A4B1-B6900237BD31}.Debug|Any CPU.ActiveCfg = Debug|x86
		{FBF72070-4C69-4EF2-A4B1-B6900237BD31}.Debug|ARM.ActiveCfg = Debug|ARM
		{FBF72070-4C69-4EF2-A4B1-B6900237BD31}.Debug|ARM.Build.0 = Debug|ARM
		{FBF72070-4C69-4EF2-A4B1-B6900237BD31}.Debug|ARM.Deploy.0 = Debug|ARM
		{FBF72070-4C69-4EF2-A4B1-B6900237BD31}.Debug|x64.ActiveCfg = Debug|x64
		{FBF72070-4C69-4EF2-A4B1-B6900237BD31}.Debug|x64.Build.0 = Debug|x64
		{FBF72070-4C69-4EF2-A4B1-B6900237BD31}.Debug|x64.Deploy.0 = Debug|x64
		{FBF72070-4C69-4EF2-A4B1-B6900237BD31}.Debug|x86.ActiveCfg = Debug|x86
		{FBF72070-4C69-4EF2-A4B1-B6900237BD31}.Debug|x86.Build.0 = Debug|x86
		{FBF72070-4C69-4EF2-A4B1-B6900237BD31}.Debug|x86.Deploy.0 = Debug|x86
		{FBF72070-4C69-4EF2-A4B1-B6900237BD31}.Release|Any CPU.ActiveCfg = Release|x86
		{FBF72070-4C69-4EF2-A4B1-B6900237BD31}.Release|ARM.ActiveCfg = Release|ARM
		{FBF72070-4C69-4EF2-A4B1-B6900237BD31}.Release|ARM.Build.0 = Release|ARM
		{FBF72070-4C69-4EF2-A4B1-B6900237BD31}.Release|ARM.Deploy.0 = Release|ARM
		{FBF72070-4C69-4EF2-A4B1-B6900237BD31}.Release|x64.ActiveCfg = Release|x64
		{FBF72070-4C69-4EF2-A4B1-B6900237BD31}.Release|x64.Build.0 = Release|x64
		{FBF72070-4C69-4EF2-A4B1-B6900237BD31}.Release|x64.Deploy.0 = Release|x64
		{FBF72070-4C69-4EF2-A4B1-B6900237BD31}.Release|x86.ActiveCfg = Release|x86
		{FBF72070-4C69-4EF2-A4B1-B6900237BD31}.Release|x86.Build.0 = Release|x86
		{FBF72070-4C69-4EF2-A4B1-B6900237BD31}.Release|x86.Deploy.0 = Release|x86
		{DFE3455C-C40B-4183-888D-03CA418C9237}.Debug|Any CPU.ActiveCfg = Debug|x86
		{DFE3455C-C40B-4183-888D-03CA418C9237}.Debug|ARM.ActiveCfg = Debug|ARM
		{DFE3455C-C40B-4183-888D-03CA418C9237}.Debug|ARM.Build.0 = Debug|ARM
		{DFE3455C-C40B-4183-888D-03CA418C9237}.Debug|ARM.Deploy.0 = Debug|ARM
		{DFE3455C-C40B-4183-888D-03CA418C9237}.Debug|x64.ActiveCfg = Debug|x64
		{DFE3455C-C40B-4183-888D-03CA418C9237}.Debug|x64.Build.0 = Debug|x64
		{DFE3455C-C40B-4183-888D-03CA418C9237}.Debug|x64.Deploy.0 = Debug|x64
		{DFE3455C-C40B-4183-888D-03CA418C9237}.Debug|x86.ActiveCfg = Debug|x86
		{DFE3455C-C40B-4183-888D-03CA418C9237}.Debug|x86.Build.0 = Debug|x86
		{DFE3455C-C40B-4183-888D-03CA418C9237}.Debug|x86.Deploy.0 = Debug|x86
		{DFE3455C-C40B-4183-888D-03CA418C9237}.Release|Any CPU.ActiveCfg = Release|x86
		{DFE3455C-C40B-4183-888D-03CA418C9237}.Release|ARM.ActiveCfg = Release|ARM
		{DFE3455C-C40B-4183-888D-03CA418C9237}.Release|ARM.Build.0 = Release|ARM
		{DFE3455C-C40B-4183-888D-03CA418C9237}.Release|ARM.Deploy.0 = Release|ARM
		{DFE3455C-C40B-4183-888D-03CA418C9237}.Release|x64.ActiveCfg = Release|x64
		{DFE3455C-C40B-4183-888D-03CA418C9237}.Release|x64.Build.0 = Release|x64
		{DFE3455C-C40B-4183-888D-03CA418C9237}.Release|x64.Deploy.0 = Release|x64
		{DFE3455C-C40B-4183-888D-03CA418C9237}.Release|x86.ActiveCfg = Release|x86
		{DFE3455C-C40B-4183-888D-03CA418C9237}.Release|x86.Build.0 = Release|x86
		{DFE3455C-C40B-4183-888D-03CA418C9237}.Release|x86.Deploy.0 = Release|x86
		{46F53D0D-6DF6-4A6B-8F68-B97841725CCD}.Debug|Any CPU.ActiveCfg = Debug|Any CPU
		{46F53D0D-6DF6-4A6B-8F68-B97841725CCD}.Debug|Any CPU.Build.0 = Debug|Any CPU
		{46F53D0D-6DF6-4A6B-8F68-B97841725CCD}.Debug|ARM.ActiveCfg = Debug|Any CPU
		{46F53D0D-6DF6-4A6B-8F68-B97841725CCD}.Debug|ARM.Build.0 = Debug|Any CPU
		{46F53D0D-6DF6-4A6B-8F68-B97841725CCD}.Debug|x64.ActiveCfg = Debug|Any CPU
		{46F53D0D-6DF6-4A6B-8F68-B97841725CCD}.Debug|x64.Build.0 = Debug|Any CPU
		{46F53D0D-6DF6-4A6B-8F68-B97841725CCD}.Debug|x86.ActiveCfg = Debug|Any CPU
		{46F53D0D-6DF6-4A6B-8F68-B97841725CCD}.Debug|x86.Build.0 = Debug|Any CPU
		{46F53D0D-6DF6-4A6B-8F68-B97841725CCD}.Release|Any CPU.ActiveCfg = Release|Any CPU
		{46F53D0D-6DF6-4A6B-8F68-B97841725CCD}.Release|Any CPU.Build.0 = Release|Any CPU
		{46F53D0D-6DF6-4A6B-8F68-B97841725CCD}.Release|ARM.ActiveCfg = Release|Any CPU
		{46F53D0D-6DF6-4A6B-8F68-B97841725CCD}.Release|ARM.Build.0 = Release|Any CPU
		{46F53D0D-6DF6-4A6B-8F68-B97841725CCD}.Release|x64.ActiveCfg = Release|Any CPU
		{46F53D0D-6DF6-4A6B-8F68-B97841725CCD}.Release|x64.Build.0 = Release|Any CPU
		{46F53D0D-6DF6-4A6B-8F68-B97841725CCD}.Release|x86.ActiveCfg = Release|Any CPU
		{46F53D0D-6DF6-4A6B-8F68-B97841725CCD}.Release|x86.Build.0 = Release|Any CPU
		{9A1CF498-45E6-4AC0-96A4-F0B41B425A5D}.Debug|Any CPU.ActiveCfg = Debug|Any CPU
		{9A1CF498-45E6-4AC0-96A4-F0B41B425A5D}.Debug|Any CPU.Build.0 = Debug|Any CPU
		{9A1CF498-45E6-4AC0-96A4-F0B41B425A5D}.Debug|ARM.ActiveCfg = Debug|Any CPU
		{9A1CF498-45E6-4AC0-96A4-F0B41B425A5D}.Debug|ARM.Build.0 = Debug|Any CPU
		{9A1CF498-45E6-4AC0-96A4-F0B41B425A5D}.Debug|x64.ActiveCfg = Debug|Any CPU
		{9A1CF498-45E6-4AC0-96A4-F0B41B425A5D}.Debug|x64.Build.0 = Debug|Any CPU
		{9A1CF498-45E6-4AC0-96A4-F0B41B425A5D}.Debug|x86.ActiveCfg = Debug|Any CPU
		{9A1CF498-45E6-4AC0-96A4-F0B41B425A5D}.Debug|x86.Build.0 = Debug|Any CPU
		{9A1CF498-45E6-4AC0-96A4-F0B41B425A5D}.Release|Any CPU.ActiveCfg = Release|Any CPU
		{9A1CF498-45E6-4AC0-96A4-F0B41B425A5D}.Release|Any CPU.Build.0 = Release|Any CPU
		{9A1CF498-45E6-4AC0-96A4-F0B41B425A5D}.Release|ARM.ActiveCfg = Release|Any CPU
		{9A1CF498-45E6-4AC0-96A4-F0B41B425A5D}.Release|ARM.Build.0 = Release|Any CPU
		{9A1CF498-45E6-4AC0-96A4-F0B41B425A5D}.Release|x64.ActiveCfg = Release|Any CPU
		{9A1CF498-45E6-4AC0-96A4-F0B41B425A5D}.Release|x64.Build.0 = Release|Any CPU
		{9A1CF498-45E6-4AC0-96A4-F0B41B425A5D}.Release|x86.ActiveCfg = Release|Any CPU
		{9A1CF498-45E6-4AC0-96A4-F0B41B425A5D}.Release|x86.Build.0 = Release|Any CPU
		{395020CD-E7E0-44C5-8906-407D7A5B4B99}.Debug|Any CPU.ActiveCfg = Debug|Any CPU
		{395020CD-E7E0-44C5-8906-407D7A5B4B99}.Debug|Any CPU.Build.0 = Debug|Any CPU
		{395020CD-E7E0-44C5-8906-407D7A5B4B99}.Debug|ARM.ActiveCfg = Debug|ARM
		{395020CD-E7E0-44C5-8906-407D7A5B4B99}.Debug|ARM.Build.0 = Debug|ARM
		{395020CD-E7E0-44C5-8906-407D7A5B4B99}.Debug|x64.ActiveCfg = Debug|x64
		{395020CD-E7E0-44C5-8906-407D7A5B4B99}.Debug|x64.Build.0 = Debug|x64
		{395020CD-E7E0-44C5-8906-407D7A5B4B99}.Debug|x86.ActiveCfg = Debug|x86
		{395020CD-E7E0-44C5-8906-407D7A5B4B99}.Debug|x86.Build.0 = Debug|x86
		{395020CD-E7E0-44C5-8906-407D7A5B4B99}.Release|Any CPU.ActiveCfg = Release|Any CPU
		{395020CD-E7E0-44C5-8906-407D7A5B4B99}.Release|Any CPU.Build.0 = Release|Any CPU
		{395020CD-E7E0-44C5-8906-407D7A5B4B99}.Release|ARM.ActiveCfg = Release|ARM
		{395020CD-E7E0-44C5-8906-407D7A5B4B99}.Release|ARM.Build.0 = Release|ARM
		{395020CD-E7E0-44C5-8906-407D7A5B4B99}.Release|x64.ActiveCfg = Release|x64
		{395020CD-E7E0-44C5-8906-407D7A5B4B99}.Release|x64.Build.0 = Release|x64
		{395020CD-E7E0-44C5-8906-407D7A5B4B99}.Release|x86.ActiveCfg = Release|x86
		{395020CD-E7E0-44C5-8906-407D7A5B4B99}.Release|x86.Build.0 = Release|x86
	EndGlobalSection
	GlobalSection(SolutionProperties) = preSolution
		HideSolutionNode = FALSE
	EndGlobalSection
	GlobalSection(NestedProjects) = preSolution
		{16FFB160-3CA5-449A-B7A1-0BFA7D6F7D23} = {8FF82EB2-823B-4B4E-8FB8-426DF874C3E7}
		{078AB40E-9E9E-4AF2-B65C-A34513A1E082} = {8FF82EB2-823B-4B4E-8FB8-426DF874C3E7}
		{ACA9A5B8-11E9-42D2-884B-9981B7E19E72} = {8FF82EB2-823B-4B4E-8FB8-426DF874C3E7}
		{E9361B84-64BB-44B8-B29A-4E453908516B} = {8FF82EB2-823B-4B4E-8FB8-426DF874C3E7}
		{FBF72070-4C69-4EF2-A4B1-B6900237BD31} = {772129E5-5577-44E8-80AB-25652472FFBA}
		{DFE3455C-C40B-4183-888D-03CA418C9237} = {772129E5-5577-44E8-80AB-25652472FFBA}
		{395020CD-E7E0-44C5-8906-407D7A5B4B99} = {772129E5-5577-44E8-80AB-25652472FFBA}
	EndGlobalSection
EndGlobal
